
Microsoft Visual Studio Solution File, Format Version 12.00
# Visual Studio Version 17
VisualStudioVersion = 17.6.33801.468
MinimumVisualStudioVersion = 10.0.40219.1
Project("{FAE04EC0-301F-11D3-BF4B-00C04F79EFBC}") = "P016_IlkMigration", "P016_IlkMigration.csproj", "{0E26B7FA-4B93-4BF7-ABBA-5DA80E1371CF}"
EndProject
Global
	GlobalSection(SolutionConfigurationPlatforms) = preSolution
		Debug|Any CPU = Debug|Any CPU
		Release|Any CPU = Release|Any CPU
	EndGlobalSection
	GlobalSection(ProjectConfigurationPlatforms) = postSolution
		{0E26B7FA-4B93-4BF7-ABBA-5DA80E1371CF}.Debug|Any CPU.ActiveCfg = Debug|Any CPU
		{0E26B7FA-4B93-4BF7-ABBA-5DA80E1371CF}.Debug|Any CPU.Build.0 = Debug|Any CPU
		{0E26B7FA-4B93-4BF7-ABBA-5DA80E1371CF}.Release|Any CPU.ActiveCfg = Release|Any CPU
		{0E26B7FA-4B93-4BF7-ABBA-5DA80E1371CF}.Release|Any CPU.Build.0 = Release|Any CPU
	EndGlobalSection
	GlobalSection(SolutionProperties) = preSolution
		HideSolutionNode = FALSE
	EndGlobalSection
	GlobalSection(ExtensibilityGlobals) = postSolution
		SolutionGuid = {51668B26-689A-4322-84A6-6AEB7CBF62E4}
	EndGlobalSection
EndGlobal
